Upstream repository: https://github.com/KytyPS5/KytyPS5.git
Upstream commit: b3e419ff1101999525fa2d061ada1d102cf788b1

Recursive submodules (gitlink commits at the upstream commit):
  3rdparty/LibAtrac9 ec8899dadf393f655f2871a94e0fe4b3d6220c9a
  3rdparty/SDL3 fa2c02bb6e21974a89ea9824bc53c9932abe5f9c
  3rdparty/SPIRV-Headers 01e0577914a75a2569c846778c2f93aa8e6feddd
  3rdparty/SPIRV-Tools 7f2d9ee926f98fc77a3ed1e1e0f113b8c9c49458
  3rdparty/Vulkan-Headers 2fa203425eb4af9dfc6b03f97ef72b0b5bcb8350
  3rdparty/VulkanMemoryAllocator a1d434708c217b2a6c7b365f1fe41fa03a562e59
  3rdparty/ffmpeg-core 9ac4cfd195f192ed8b08566f49c28dbb48d08341
  3rdparty/fmt 11ddbcb7898d2d3445d431a54814367b21dee6ad
  3rdparty/imgui f1cc2ae15e53a861a874c3034aae6798fde194ab
  3rdparty/magic_enum 1384769c66bd16ec9bb1353f45fe8ec8ccc12dbd
  3rdparty/nlohmann_json 272411c5e6ea45919af7673524e74e60c62116df
  3rdparty/spdlog 8671ca4d492c8ee1cdfd3dd88afb9f88dd268178
  3rdparty/tracy 30997d5ca6bb632cc10807a1da8a6d3de0aeeb3c
  3rdparty/xxHash e573d4d2aaeaba0f3e5a0a9a54144a1f2b4b56e7

Pinned FetchContent refs in 3rdparty/CMakeLists.txt:
  xbyak 44a72f369268f7d552650891b296693e91db86bb
  zydis 120e0e705f8e3b507dc49377ac2879979f0d545c (recursive submodules)
  zstd f8745da6ff1ad1e7bab384bd1f9d742439278e99
  ZArchive d2c717730092c7bf8cbb033b12fd4001b7c4d932 (applies upstream 3rdparty/patches/zarchive-reader.patch)

Windows build inputs:
  Runner: windows-2022
  Generator/compiler: Ninja / Visual Studio 2022 environment / clang-cl (not cl.exe)
  Qt: 6.10.3, win64_msvc2022_64
  glslang: Windows runner vcpkg glslang[tools,opt]:x64-windows; exact vcpkg registry revision is runner-image managed

GitHub Actions (full commit pins):
  actions/checkout v4.2.2 11bd71901bbe5b1630ceea73d27597364c9af683
  ilammy/msvc-dev-cmd v1 0b201ec74fa43914dc39ae48a89fd1d8cb592756
  jurplel/install-qt-action v4.3.0 d325aaf2a8baeeda41ad0b5d39f84a6af9bcf005
  actions/upload-artifact v4.6.2 ea165f8d65b6e75b540449e92b4886f43607fa02
